
Microsoft Visual Studio Solution File, Format Version 12.00
# Visual Studio Version 17
VisualStudioVersion = 17.14.36518.9 d17.14
MinimumVisualStudioVersion = 10.0.40219.1
Project("{FAE04EC0-301F-11D3-BF4B-00C04F79EFBC}") = "CarteiraVacinacaoApi.Api", "CarteiraVacinacaoApi.Api\CarteiraVacinacaoApi.Api.csproj", "{C6CF0693-C093-4A17-9CBE-416BAE0D5FF8}"
EndProject
Project("{FAE04EC0-301F-11D3-BF4B-00C04F79EFBC}") = "CarteiraVacinacaoApi.Application", "CarteiraVacinacaoApi.Application\CarteiraVacinacaoApi.Application.csproj", "{B039AED0-5529-4951-AA09-E2DB1EA28F7E}"
EndProject
Project("{FAE04EC0-301F-11D3-BF4B-00C04F79EFBC}") = "CarteiraVacinacaoApi.Domain", "CarteiraVacinacaoApi.Domain\CarteiraVacinacaoApi.Domain.csproj", "{F8E4D1B5-BD13-43CD-9A17-2A6107892178}"
EndProject
Project("{FAE04EC0-301F-11D3-BF4B-00C04F79EFBC}") = "CarteiraVacinacaoApi.Infrastructure", "CarteiraVacinacaoApi.Infrastructure\CarteiraVacinacaoApi.Infrastructure.csproj", "{DFEA863A-4D19-45CC-86D7-08112B75EBA0}"
EndProject
Global
	GlobalSection(SolutionConfigurationPlatforms) = preSolution
		Debug|Any CPU = Debug|Any CPU
		Release|Any CPU = Release|Any CPU
	EndGlobalSection
	GlobalSection(ProjectConfigurationPlatforms) = postSolution
		{C6CF0693-C093-4A17-9CBE-416BAE0D5FF8}.Debug|Any CPU.ActiveCfg = Debug|Any CPU
		{C6CF0693-C093-4A17-9CBE-416BAE0D5FF8}.Debug|Any CPU.Build.0 = Debug|Any CPU
		{C6CF0693-C093-4A17-9CBE-416BAE0D5FF8}.Release|Any CPU.ActiveCfg = Release|Any CPU
		{C6CF0693-C093-4A17-9CBE-416BAE0D5FF8}.Release|Any CPU.Build.0 = Release|Any CPU
		{B039AED0-5529-4951-AA09-E2DB1EA28F7E}.Debug|Any CPU.ActiveCfg = Debug|Any CPU
		{B039AED0-5529-4951-AA09-E2DB1EA28F7E}.Debug|Any CPU.Build.0 = Debug|Any CPU
		{B039AED0-5529-4951-AA09-E2DB1EA28F7E}.Release|Any CPU.ActiveCfg = Release|Any CPU
		{B039AED0-5529-4951-AA09-E2DB1EA28F7E}.Release|Any CPU.Build.0 = Release|Any CPU
		{F8E4D1B5-BD13-43CD-9A17-2A6107892178}.Debug|Any CPU.ActiveCfg = Debug|Any CPU
		{F8E4D1B5-BD13-43CD-9A17-2A6107892178}.Debug|Any CPU.Build.0 = Debug|Any CPU
		{F8E4D1B5-BD13-43CD-9A17-2A6107892178}.Release|Any CPU.ActiveCfg = Release|Any CPU
		{F8E4D1B5-BD13-43CD-9A17-2A6107892178}.Release|Any CPU.Build.0 = Release|Any CPU
		{DFEA863A-4D19-45CC-86D7-08112B75EBA0}.Debug|Any CPU.ActiveCfg = Debug|Any CPU
		{DFEA863A-4D19-45CC-86D7-08112B75EBA0}.Debug|Any CPU.Build.0 = Debug|Any CPU
		{DFEA863A-4D19-45CC-86D7-08112B75EBA0}.Release|Any CPU.ActiveCfg = Release|Any CPU
		{DFEA863A-4D19-45CC-86D7-08112B75EBA0}.Release|Any CPU.Build.0 = Release|Any CPU
	EndGlobalSection
	GlobalSection(SolutionProperties) = preSolution
		HideSolutionNode = FALSE
	EndGlobalSection
	GlobalSection(ExtensibilityGlobals) = postSolution
		SolutionGuid = {8B04AD97-4F29-40F2-8E12-BE12AE7F66FA}
	EndGlobalSection
EndGlobal
